
Microsoft Visual Studio Solution File, Format Version 12.00
# Visual Studio Version 16
VisualStudioVersion = 16.0.29709.97
MinimumVisualStudioVersion = 10.0.40219.1
Project("{9A19103F-16F7-4668-BE54-9A1E7A4F7556}") = "MapTest", "MapTest.csproj", "{1B6A6399-1B76-4D0B-AD25-85E2FBA41E38}"
EndProject
Project("{2150E333-8FDC-42A3-9474-1A3956D46DE8}") = "Task", "Task", "{298A2C17-5DC7-46C5-9152-C138B320D409}"
	ProjectSection(SolutionItems) = preProject
		..\..\..\..\Downloads\Task.pdf = ..\..\..\..\Downloads\Task.pdf
	EndProjectSection
EndProject
Global
	GlobalSection(SolutionConfigurationPlatforms) = preSolution
		Debug|Any CPU = Debug|Any CPU
		Release|Any CPU = Release|Any CPU
	EndGlobalSection
	GlobalSection(ProjectConfigurationPlatforms) = postSolution
		{1B6A6399-1B76-4D0B-AD25-85E2FBA41E38}.Debug|Any CPU.ActiveCfg = Debug|Any CPU
		{1B6A6399-1B76-4D0B-AD25-85E2FBA41E38}.Debug|Any CPU.Build.0 = Debug|Any CPU
		{1B6A6399-1B76-4D0B-AD25-85E2FBA41E38}.Release|Any CPU.ActiveCfg = Release|Any CPU
		{1B6A6399-1B76-4D0B-AD25-85E2FBA41E38}.Release|Any CPU.Build.0 = Release|Any CPU
	EndGlobalSection
	GlobalSection(SolutionProperties) = preSolution
		HideSolutionNode = FALSE
	EndGlobalSection
	GlobalSection(ExtensibilityGlobals) = postSolution
		SolutionGuid = {54943045-6E89-4EB4-8C98-2979B8CAFB47}
	EndGlobalSection
EndGlobal
